
Microsoft Visual Studio Solution File, Format Version 12.00
# Visual Studio Version 17
VisualStudioVersion = 17.14.36518.9
MinimumVisualStudioVersion = 10.0.40219.1
Project("{FAE04EC0-301F-11D3-BF4B-00C04F79EFBC}") = "MVC", "MVC\MVC.csproj", "{3A0431DE-F414-4AE1-8692-F67C528A8AF2}"
EndProject
Project("{FAE04EC0-301F-11D3-BF4B-00C04F79EFBC}") = "AzureFunction", "AzureFunction\AzureFunction.csproj", "{969D9AFF-35EE-40FF-9C48-7078E237A758}"
EndProject
Global
	GlobalSection(SolutionConfigurationPlatforms) = preSolution
		Debug|Any CPU = Debug|Any CPU
		Release|Any CPU = Release|Any CPU
	EndGlobalSection
	GlobalSection(ProjectConfigurationPlatforms) = postSolution
		{3A0431DE-F414-4AE1-8692-F67C528A8AF2}.Debug|Any CPU.ActiveCfg = Debug|Any CPU
		{3A0431DE-F414-4AE1-8692-F67C528A8AF2}.Debug|Any CPU.Build.0 = Debug|Any CPU
		{3A0431DE-F414-4AE1-8692-F67C528A8AF2}.Release|Any CPU.ActiveCfg = Release|Any CPU
		{3A0431DE-F414-4AE1-8692-F67C528A8AF2}.Release|Any CPU.Build.0 = Release|Any CPU
		{969D9AFF-35EE-40FF-9C48-7078E237A758}.Debug|Any CPU.ActiveCfg = Debug|Any CPU
		{969D9AFF-35EE-40FF-9C48-7078E237A758}.Debug|Any CPU.Build.0 = Debug|Any CPU
		{969D9AFF-35EE-40FF-9C48-7078E237A758}.Release|Any CPU.ActiveCfg = Release|Any CPU
		{969D9AFF-35EE-40FF-9C48-7078E237A758}.Release|Any CPU.Build.0 = Release|Any CPU
	EndGlobalSection
	GlobalSection(SolutionProperties) = preSolution
		HideSolutionNode = FALSE
	EndGlobalSection
	GlobalSection(ExtensibilityGlobals) = postSolution
		SolutionGuid = {2DAC930A-DEC0-4E6F-876F-575BCB08F89C}
	EndGlobalSection
EndGlobal
